<Solution>
  <Folder Name="/Solution Items/">
    <File Path=".editorconfig" />
    <File Path="TODO.txt" />
  </Folder>
  <Project Path="personalfinancetracker.client/personalfinancetracker.client.esproj">
    <Build />
    <Deploy />
  </Project>
  <Project Path="PersonalFinanceTracker.Resourses/PersonalFinanceTracker.Resourses.csproj" Id="ad7cb807-7cc8-4c02-8a86-a94c8a3053b1" />
  <Project Path="PersonalFinanceTracker.Server/PersonalFinanceTracker.Server.csproj" />
</Solution>
